
Microsoft Visual Studio Solution File, Format Version 12.00
# Visual Studio Version 17
VisualStudioVersion = 17.3.32901.215
MinimumVisualStudioVersion = 10.0.40219.1
Project("{9A19103F-16F7-4668-BE54-9A1E7A4F7556}") = "ChargeableResourceTools", "ChargeableResourceTools.csproj", "{4890D986-9C4F-4123-A9B7-2AFF9FF34586}"
EndProject
Global
	GlobalSection(SolutionConfigurationPlatforms) = preSolution
		Debug|Any CPU = Debug|Any CPU
		Release|Any CPU = Release|Any CPU
	EndGlobalSection
	GlobalSection(ProjectConfigurationPlatforms) = postSolution
		{4890D986-9C4F-4123-A9B7-2AFF9FF34586}.Debug|Any CPU.ActiveCfg = Debug|Any CPU
		{4890D986-9C4F-4123-A9B7-2AFF9FF34586}.Debug|Any CPU.Build.0 = Debug|Any CPU
		{4890D986-9C4F-4123-A9B7-2AFF9FF34586}.Release|Any CPU.ActiveCfg = Release|Any CPU
		{4890D986-9C4F-4123-A9B7-2AFF9FF34586}.Release|Any CPU.Build.0 = Release|Any CPU
	EndGlobalSection
	GlobalSection(SolutionProperties) = preSolution
		HideSolutionNode = FALSE
	EndGlobalSection
	GlobalSection(ExtensibilityGlobals) = postSolution
		SolutionGuid = {D28E4AAB-61A9-4A8C-83C2-7546202C29F2}
	EndGlobalSection
EndGlobal
